
Microsoft Visual Studio Solution File, Format Version 12.00
Project("{FAE04EC0-301F-11D3-BF4B-00C04F79EFBC}") = "01-homework", "01-homework\01-homework.csproj", "{07D6734C-BB73-4D43-87C2-8D5175125516}"
EndProject
Project("{FAE04EC0-301F-11D3-BF4B-00C04F79EFBC}") = "02-homework", "02-homework\02-homework.csproj", "{68FCC2CA-7A33-4CBB-9EF5-186A3AB6AE77}"
EndProject
Global
	GlobalSection(SolutionConfigurationPlatforms) = preSolution
		Debug|Any CPU = Debug|Any CPU
		Release|Any CPU = Release|Any CPU
	EndGlobalSection
	GlobalSection(ProjectConfigurationPlatforms) = postSolution
		{07D6734C-BB73-4D43-87C2-8D5175125516}.Debug|Any CPU.ActiveCfg = Debug|Any CPU
		{07D6734C-BB73-4D43-87C2-8D5175125516}.Debug|Any CPU.Build.0 = Debug|Any CPU
		{07D6734C-BB73-4D43-87C2-8D5175125516}.Release|Any CPU.ActiveCfg = Release|Any CPU
		{07D6734C-BB73-4D43-87C2-8D5175125516}.Release|Any CPU.Build.0 = Release|Any CPU
		{68FCC2CA-7A33-4CBB-9EF5-186A3AB6AE77}.Debug|Any CPU.ActiveCfg = Debug|Any CPU
		{68FCC2CA-7A33-4CBB-9EF5-186A3AB6AE77}.Debug|Any CPU.Build.0 = Debug|Any CPU
		{68FCC2CA-7A33-4CBB-9EF5-186A3AB6AE77}.Release|Any CPU.ActiveCfg = Release|Any CPU
		{68FCC2CA-7A33-4CBB-9EF5-186A3AB6AE77}.Release|Any CPU.Build.0 = Release|Any CPU
	EndGlobalSection
EndGlobal
